
Microsoft Visual Studio Solution File, Format Version 12.00
# Visual Studio 14
VisualStudioVersion = 14.0.25123.0
MinimumVisualStudioVersion = 10.0.40219.1
Project("{FAE04EC0-301F-11D3-BF4B-00C04F79EFBC}") = "YiYuan.Web", "YiYuan.Web\YiYuan.Web.csproj", "{F2AC5B3B-0043-4345-9A76-4A4889C20948}"
EndProject
Project("{FAE04EC0-301F-11D3-BF4B-00C04F79EFBC}") = "YiYuan.Entity", "YiYuan.Entity\YiYuan.Entity.csproj", "{1DDC7188-5DD4-40B3-A934-01E40F8AFEB9}"
EndProject
Project("{FAE04EC0-301F-11D3-BF4B-00C04F79EFBC}") = "YiYuan", "YiYuan\YiYuan.csproj", "{9526AA71-7BDB-423F-9AC2-D48A50414B90}"
EndProject
Project("{FAE04EC0-301F-11D3-BF4B-00C04F79EFBC}") = "YiYuan.Business", "YiYuan.Business\YiYuan.Business.csproj", "{0AB03F8A-B557-4988-970C-C733F3B94A63}"
EndProject
Project("{FAE04EC0-301F-11D3-BF4B-00C04F79EFBC}") = "YiYuan.Admin", "YiYuan.Admin\YiYuan.Admin.csproj", "{FD9FE4FC-9C7D-4174-8AF1-DC1B1F7E3636}"
EndProject
Project("{FAE04EC0-301F-11D3-BF4B-00C04F79EFBC}") = "YiYuan.ViewModel", "YiYuan.ViewModel\YiYuan.ViewModel.csproj", "{01EFC59E-FB12-4004-B688-F3915E1747CB}"
EndProject
Global
	GlobalSection(SolutionConfigurationPlatforms) = preSolution
		Debug|Any CPU = Debug|Any CPU
		Release|Any CPU = Release|Any CPU
	EndGlobalSection
	GlobalSection(ProjectConfigurationPlatforms) = postSolution
		{F2AC5B3B-0043-4345-9A76-4A4889C20948}.Debug|Any CPU.ActiveCfg = Debug|Any CPU
		{F2AC5B3B-0043-4345-9A76-4A4889C20948}.Debug|Any CPU.Build.0 = Debug|Any CPU
		{F2AC5B3B-0043-4345-9A76-4A4889C20948}.Release|Any CPU.ActiveCfg = Release|Any CPU
		{F2AC5B3B-0043-4345-9A76-4A4889C20948}.Release|Any CPU.Build.0 = Release|Any CPU
		{1DDC7188-5DD4-40B3-A934-01E40F8AFEB9}.Debug|Any CPU.ActiveCfg = Debug|Any CPU
		{1DDC7188-5DD4-40B3-A934-01E40F8AFEB9}.Debug|Any CPU.Build.0 = Debug|Any CPU
		{1DDC7188-5DD4-40B3-A934-01E40F8AFEB9}.Release|Any CPU.ActiveCfg = Release|Any CPU
		{1DDC7188-5DD4-40B3-A934-01E40F8AFEB9}.Release|Any CPU.Build.0 = Release|Any CPU
		{9526AA71-7BDB-423F-9AC2-D48A50414B90}.Debug|Any CPU.ActiveCfg = Debug|Any CPU
		{9526AA71-7BDB-423F-9AC2-D48A50414B90}.Debug|Any CPU.Build.0 = Debug|Any CPU
		{9526AA71-7BDB-423F-9AC2-D48A50414B90}.Release|Any CPU.ActiveCfg = Release|Any CPU
		{9526AA71-7BDB-423F-9AC2-D48A50414B90}.Release|Any CPU.Build.0 = Release|Any CPU
		{0AB03F8A-B557-4988-970C-C733F3B94A63}.Debug|Any CPU.ActiveCfg = Debug|Any CPU
		{0AB03F8A-B557-4988-970C-C733F3B94A63}.Debug|Any CPU.Build.0 = Debug|Any CPU
		{0AB03F8A-B557-4988-970C-C733F3B94A63}.Release|Any CPU.ActiveCfg = Release|Any CPU
		{0AB03F8A-B557-4988-970C-C733F3B94A63}.Release|Any CPU.Build.0 = Release|Any CPU
		{FD9FE4FC-9C7D-4174-8AF1-DC1B1F7E3636}.Debug|Any CPU.ActiveCfg = Debug|Any CPU
		{FD9FE4FC-9C7D-4174-8AF1-DC1B1F7E3636}.Debug|Any CPU.Build.0 = Debug|Any CPU
		{FD9FE4FC-9C7D-4174-8AF1-DC1B1F7E3636}.Release|Any CPU.ActiveCfg = Release|Any CPU
		{FD9FE4FC-9C7D-4174-8AF1-DC1B1F7E3636}.Release|Any CPU.Build.0 = Release|Any CPU
		{01EFC59E-FB12-4004-B688-F3915E1747CB}.Debug|Any CPU.ActiveCfg = Debug|Any CPU
		{01EFC59E-FB12-4004-B688-F3915E1747CB}.Debug|Any CPU.Build.0 = Debug|Any CPU
		{01EFC59E-FB12-4004-B688-F3915E1747CB}.Release|Any CPU.ActiveCfg = Release|Any CPU
		{01EFC59E-FB12-4004-B688-F3915E1747CB}.Release|Any CPU.Build.0 = Release|Any CPU
	EndGlobalSection
	GlobalSection(SolutionProperties) = preSolution
		HideSolutionNode = FALSE
	EndGlobalSection
EndGlobal
